
Microsoft Visual Studio Solution File, Format Version 12.00
# Visual Studio Version 16
VisualStudioVersion = 16.0.33214.272
MinimumVisualStudioVersion = 10.0.40219.1
Project("{FAE04EC0-301F-11D3-BF4B-00C04F79EFBC}") = "GIt-Mastering(RemoteRepo)", "GIt-Mastering(RemoteRepo)\GIt-Mastering(RemoteRepo).csproj", "{1E6F5077-4803-4D05-9407-CFB76FA275B6}"
EndProject
Global
	GlobalSection(SolutionConfigurationPlatforms) = preSolution
		Debug|Any CPU = Debug|Any CPU
		Release|Any CPU = Release|Any CPU
	EndGlobalSection
	GlobalSection(ProjectConfigurationPlatforms) = postSolution
		{1E6F5077-4803-4D05-9407-CFB76FA275B6}.Debug|Any CPU.ActiveCfg = Debug|Any CPU
		{1E6F5077-4803-4D05-9407-CFB76FA275B6}.Debug|Any CPU.Build.0 = Debug|Any CPU
		{1E6F5077-4803-4D05-9407-CFB76FA275B6}.Release|Any CPU.ActiveCfg = Release|Any CPU
		{1E6F5077-4803-4D05-9407-CFB76FA275B6}.Release|Any CPU.Build.0 = Release|Any CPU
	EndGlobalSection
	GlobalSection(SolutionProperties) = preSolution
		HideSolutionNode = FALSE
	EndGlobalSection
	GlobalSection(ExtensibilityGlobals) = postSolution
		SolutionGuid = {F36E91CF-76D2-4A1E-B48B-4B7F48C9B1B0}
	EndGlobalSection
EndGlobal
